# This file was autogenerated by Stack.
# You should not edit this file by hand.
# For more information, please see the documentation at:
#   https://docs.haskellstack.org/en/stable/lock_files

packages:
- completed:
    hackage: xmobar-0.41@sha256:ff09056df9932affa170ebac46daf826ef811833402838198da78562f2470c35,14139
    pantry-tree:
      size: 8558
      sha256: 2fc57ba20380cfd8f07722f2457e0773020caa2023bae02550b664380168d40e
  original:
    hackage: xmobar-0.41
snapshots:
- completed:
    size: 609309
    url: https://raw.githubusercontent.com/commercialhaskell/stackage-snapshots/master/nightly/2022/2/19.yaml
    sha256: d661d997c564c9dfd7391721335e0f8f1355a196d7f60037ae7c762d5bf127ed
  original: nightly-2022-02-19
