# This file was autogenerated by Stack.
# You should not edit this file by hand.
# For more information, please see the documentation at:
#   https://docs.haskellstack.org/en/stable/lock_files

packages:
- completed:
    hackage: xmobar-0.37@sha256:42cfb68788901364a1b4ddfdc213106e18851dda2575420e532ee31c4cce4e51,12020
    pantry-tree:
      size: 6479
      sha256: b110f67f00fdb59cd2a1988937eda1934889c3ba71d03823011df48791175ee5
  original:
    hackage: xmobar-0.37
snapshots:
- completed:
    size: 534126
    url: https://raw.githubusercontent.com/commercialhaskell/stackage-snapshots/master/lts/16/31.yaml
    sha256: 637fb77049b25560622a224845b7acfe81a09fdb6a96a3c75997a10b651667f6
  original: lts-16.31
