# This file was autogenerated by Stack.
# You should not edit this file by hand.
# For more information, please see the documentation at:
#   https://docs.haskellstack.org/en/stable/lock_files

packages:
- completed:
    hackage: xmobar-0.34@sha256:6022fc7678d668826eaa248acf8d8f3e1e3bb1a5f9469cbcbf341002ccb6e307,11617
    pantry-tree:
      size: 6270
      sha256: 8a6f9dacffd9faf1c090a9d91d3f8e9f2e155ac797a9117fc03bb27e215fe68f
  original:
    hackage: xmobar-0.34
snapshots:
- completed:
    size: 531237
    url: https://raw.githubusercontent.com/commercialhaskell/stackage-snapshots/master/lts/16/1.yaml
    sha256: 954b6b14b0c8130732cf4773f7ebb4efc9a44600d1a5265d142868bf93462bc6
  original: lts-16.1
